// !$*UTF8*$!
{
	archiveVersion = 1;
	classes = {
	};
	objectVersion = 56;
	objects = {

/* Begin PBXBuildFile section */
		1726801D2A30B0D7008350E5 /* CustomLabel.swift in Sources */ = {isa = PBXBuildFile; fileRef = 1726801C2A30B0D7008350E5 /* CustomLabel.swift */; };
		175101E92A3756E900FAAE3B /* OnboardingPageView.swift in Sources */ = {isa = PBXBuildFile; fileRef = 175101E82A3756E900FAAE3B /* OnboardingPageView.swift */; };
		175101EB2A37606D00FAAE3B /* SecondScreenViewController.swift in Sources */ = {isa = PBXBuildFile; fileRef = 175101EA2A37606D00FAAE3B /* SecondScreenViewController.swift */; };
		175101ED2A3764C000FAAE3B /* ThirdScreenViewController.swift in Sources */ = {isa = PBXBuildFile; fileRef = 175101EC2A3764C000FAAE3B /* ThirdScreenViewController.swift */; };
		175101EF2A376C5C00FAAE3B /* FourthScreenViewController.swift in Sources */ = {isa = PBXBuildFile; fileRef = 175101EE2A376C5B00FAAE3B /* FourthScreenViewController.swift */; };
		1753DC612A3079EA00FC9808 /* SnapKit in Frameworks */ = {isa = PBXBuildFile; productRef = 1753DC602A3079EA00FC9808 /* SnapKit */; };
		1753DC632A308E7900FC9808 /* FirstScreenViewController.swift in Sources */ = {isa = PBXBuildFile; fileRef = 1753DC622A308E7900FC9808 /* FirstScreenViewController.swift */; };
		17D048B62A334087006BF06B /* SongModel.swift in Sources */ = {isa = PBXBuildFile; fileRef = 17D048B52A334087006BF06B /* SongModel.swift */; };
		17D048B82A33412F006BF06B /* AlbumModel.swift in Sources */ = {isa = PBXBuildFile; fileRef = 17D048B72A33412F006BF06B /* AlbumModel.swift */; };
		17D048BA2A334190006BF06B /* EntityType.swift in Sources */ = {isa = PBXBuildFile; fileRef = 17D048B92A334190006BF06B /* EntityType.swift */; };
		17D048BC2A3341BE006BF06B /* FetchState.swift in Sources */ = {isa = PBXBuildFile; fileRef = 17D048BB2A3341BE006BF06B /* FetchState.swift */; };
		17D048BE2A3341E7006BF06B /* APIError.swift in Sources */ = {isa = PBXBuildFile; fileRef = 17D048BD2A3341E7006BF06B /* APIError.swift */; };
		17D048C12A362C93006BF06B /* OnboardingConstant.swift in Sources */ = {isa = PBXBuildFile; fileRef = 17D048C02A362C93006BF06B /* OnboardingConstant.swift */; };
		17D048C32A362CBD006BF06B /* AuthorizationConstant.swift in Sources */ = {isa = PBXBuildFile; fileRef = 17D048C22A362CBD006BF06B /* AuthorizationConstant.swift */; };
		17D048C52A362CF3006BF06B /* HomeConstant.swift in Sources */ = {isa = PBXBuildFile; fileRef = 17D048C42A362CF3006BF06B /* HomeConstant.swift */; };
		17D048C72A362D5B006BF06B /* SearchConstant.swift in Sources */ = {isa = PBXBuildFile; fileRef = 17D048C62A362D5B006BF06B /* SearchConstant.swift */; };
		17D048C92A362D93006BF06B /* SongConstant.swift in Sources */ = {isa = PBXBuildFile; fileRef = 17D048C82A362D93006BF06B /* SongConstant.swift */; };
		17D048CB2A362DE3006BF06B /* AccountConstant.swift in Sources */ = {isa = PBXBuildFile; fileRef = 17D048CA2A362DE3006BF06B /* AccountConstant.swift */; };
		17D048CD2A362F21006BF06B /* MiniPlayerConstant.swift in Sources */ = {isa = PBXBuildFile; fileRef = 17D048CC2A362F21006BF06B /* MiniPlayerConstant.swift */; };
		17D048CF2A363154006BF06B /* TabBarConstant.swift in Sources */ = {isa = PBXBuildFile; fileRef = 17D048CE2A363154006BF06B /* TabBarConstant.swift */; };
		17F814E02A2F2BA300159C11 /* AppDelegate.swift in Sources */ = {isa = PBXBuildFile; fileRef = 17F814DF2A2F2BA300159C11 /* AppDelegate.swift */; };
		17F814E22A2F2BA300159C11 /* SceneDelegate.swift in Sources */ = {isa = PBXBuildFile; fileRef = 17F814E12A2F2BA300159C11 /* SceneDelegate.swift */; };
		17F814E92A2F2BA600159C11 /* Assets.xcassets in Resources */ = {isa = PBXBuildFile; fileRef = 17F814E82A2F2BA600159C11 /* Assets.xcassets */; };
		17F814EC2A2F2BA600159C11 /* LaunchScreen.storyboard in Resources */ = {isa = PBXBuildFile; fileRef = 17F814EA2A2F2BA600159C11 /* LaunchScreen.storyboard */; };
		17F815152A2F456600159C11 /* Realm in Frameworks */ = {isa = PBXBuildFile; productRef = 17F815142A2F456600159C11 /* Realm */; };
		17F815172A2F456600159C11 /* RealmSwift in Frameworks */ = {isa = PBXBuildFile; productRef = 17F815162A2F456600159C11 /* RealmSwift */; };
		17F8151A2A2F47F000159C11 /* FirebaseAuth in Frameworks */ = {isa = PBXBuildFile; productRef = 17F815192A2F47F000159C11 /* FirebaseAuth */; };
		17F8151C2A2F47F000159C11 /* FirebaseFirestore in Frameworks */ = {isa = PBXBuildFile; productRef = 17F8151B2A2F47F000159C11 /* FirebaseFirestore */; };
		17F8151F2A2F484E00159C11 /* Kingfisher in Frameworks */ = {isa = PBXBuildFile; productRef = 17F8151E2A2F484E00159C11 /* Kingfisher */; };
		17F815212A2F901300159C11 /* СommonConstant.swift in Sources */ = {isa = PBXBuildFile; fileRef = 17F815202A2F901300159C11 /* СommonConstant.swift */; };
/* End PBXBuildFile section */

/* Begin PBXFileReference section */
		1726801C2A30B0D7008350E5 /* CustomLabel.swift */ = {isa = PBXFileReference; lastKnownFileType = sourcecode.swift; path = CustomLabel.swift; sourceTree = "<group>"; };
		175101E82A3756E900FAAE3B /* OnboardingPageView.swift */ = {isa = PBXFileReference; lastKnownFileType = sourcecode.swift; path = OnboardingPageView.swift; sourceTree = "<group>"; };
		175101EA2A37606D00FAAE3B /* SecondScreenViewController.swift */ = {isa = PBXFileReference; lastKnownFileType = sourcecode.swift; path = SecondScreenViewController.swift; sourceTree = "<group>"; };
		175101EC2A3764C000FAAE3B /* ThirdScreenViewController.swift */ = {isa = PBXFileReference; lastKnownFileType = sourcecode.swift; path = ThirdScreenViewController.swift; sourceTree = "<group>"; };
		175101EE2A376C5B00FAAE3B /* FourthScreenViewController.swift */ = {isa = PBXFileReference; lastKnownFileType = sourcecode.swift; path = FourthScreenViewController.swift; sourceTree = "<group>"; };
		1753DC622A308E7900FC9808 /* FirstScreenViewController.swift */ = {isa = PBXFileReference; lastKnownFileType = sourcecode.swift; path = FirstScreenViewController.swift; sourceTree = "<group>"; };
		17D048B52A334087006BF06B /* SongModel.swift */ = {isa = PBXFileReference; lastKnownFileType = sourcecode.swift; path = SongModel.swift; sourceTree = "<group>"; };
		17D048B72A33412F006BF06B /* AlbumModel.swift */ = {isa = PBXFileReference; lastKnownFileType = sourcecode.swift; path = AlbumModel.swift; sourceTree = "<group>"; };
		17D048B92A334190006BF06B /* EntityType.swift */ = {isa = PBXFileReference; lastKnownFileType = sourcecode.swift; path = EntityType.swift; sourceTree = "<group>"; };
		17D048BB2A3341BE006BF06B /* FetchState.swift */ = {isa = PBXFileReference; lastKnownFileType = sourcecode.swift; path = FetchState.swift; sourceTree = "<group>"; };
		17D048BD2A3341E7006BF06B /* APIError.swift */ = {isa = PBXFileReference; lastKnownFileType = sourcecode.swift; path = APIError.swift; sourceTree = "<group>"; };
		17D048C02A362C93006BF06B /* OnboardingConstant.swift */ = {isa = PBXFileReference; lastKnownFileType = sourcecode.swift; path = OnboardingConstant.swift; sourceTree = "<group>"; };
		17D048C22A362CBD006BF06B /* AuthorizationConstant.swift */ = {isa = PBXFileReference; lastKnownFileType = sourcecode.swift; path = AuthorizationConstant.swift; sourceTree = "<group>"; };
		17D048C42A362CF3006BF06B /* HomeConstant.swift */ = {isa = PBXFileReference; lastKnownFileType = sourcecode.swift; path = HomeConstant.swift; sourceTree = "<group>"; };
		17D048C62A362D5B006BF06B /* SearchConstant.swift */ = {isa = PBXFileReference; lastKnownFileType = sourcecode.swift; path = SearchConstant.swift; sourceTree = "<group>"; };
		17D048C82A362D93006BF06B /* SongConstant.swift */ = {isa = PBXFileReference; lastKnownFileType = sourcecode.swift; path = SongConstant.swift; sourceTree = "<group>"; };
		17D048CA2A362DE3006BF06B /* AccountConstant.swift */ = {isa = PBXFileReference; lastKnownFileType = sourcecode.swift; path = AccountConstant.swift; sourceTree = "<group>"; };
		17D048CC2A362F21006BF06B /* MiniPlayerConstant.swift */ = {isa = PBXFileReference; lastKnownFileType = sourcecode.swift; path = MiniPlayerConstant.swift; sourceTree = "<group>"; };
		17D048CE2A363154006BF06B /* TabBarConstant.swift */ = {isa = PBXFileReference; lastKnownFileType = sourcecode.swift; path = TabBarConstant.swift; sourceTree = "<group>"; };
		17F814DC2A2F2BA300159C11 /* MyMusicApp.app */ = {isa = PBXFileReference; explicitFileType = wrapper.application; includeInIndex = 0; path = MyMusicApp.app; sourceTree = BUILT_PRODUCTS_DIR; };
		17F814DF2A2F2BA300159C11 /* AppDelegate.swift */ = {isa = PBXFileReference; lastKnownFileType = sourcecode.swift; path = AppDelegate.swift; sourceTree = "<group>"; };
		17F814E12A2F2BA300159C11 /* SceneDelegate.swift */ = {isa = PBXFileReference; lastKnownFileType = sourcecode.swift; path = SceneDelegate.swift; sourceTree = "<group>"; };
		17F814E82A2F2BA600159C11 /* Assets.xcassets */ = {isa = PBXFileReference; lastKnownFileType = folder.assetcatalog; path = Assets.xcassets; sourceTree = "<group>"; };
		17F814EB2A2F2BA600159C11 /* Base */ = {isa = PBXFileReference; lastKnownFileType = file.storyboard; name = Base; path = Base.lproj/LaunchScreen.storyboard; sourceTree = "<group>"; };
		17F814ED2A2F2BA600159C11 /* Info.plist */ = {isa = PBXFileReference; lastKnownFileType = text.plist.xml; path = Info.plist; sourceTree = "<group>"; };
		17F815202A2F901300159C11 /* СommonConstant.swift */ = {isa = PBXFileReference; lastKnownFileType = sourcecode.swift; path = "СommonConstant.swift"; sourceTree = "<group>"; };
/* End PBXFileReference section */

/* Begin PBXFrameworksBuildPhase section */
		17F814D92A2F2BA300159C11 /* Frameworks */ = {
			isa = PBXFrameworksBuildPhase;
			buildActionMask = 2147483647;
			files = (
				17F815172A2F456600159C11 /* RealmSwift in Frameworks */,
				17F8151C2A2F47F000159C11 /* FirebaseFirestore in Frameworks */,
				17F8151A2A2F47F000159C11 /* FirebaseAuth in Frameworks */,
				1753DC612A3079EA00FC9808 /* SnapKit in Frameworks */,
				17F815152A2F456600159C11 /* Realm in Frameworks */,
				17F8151F2A2F484E00159C11 /* Kingfisher in Frameworks */,
			);
			runOnlyForDeploymentPostprocessing = 0;
		};
/* End PBXFrameworksBuildPhase section */

/* Begin PBXGroup section */
		17D048BF2A362C3C006BF06B /* Constant */ = {
			isa = PBXGroup;
			children = (
				17F815202A2F901300159C11 /* СommonConstant.swift */,
				17D048C02A362C93006BF06B /* OnboardingConstant.swift */,
				17D048C22A362CBD006BF06B /* AuthorizationConstant.swift */,
				17D048C42A362CF3006BF06B /* HomeConstant.swift */,
				17D048C62A362D5B006BF06B /* SearchConstant.swift */,
				17D048C82A362D93006BF06B /* SongConstant.swift */,
				17D048CA2A362DE3006BF06B /* AccountConstant.swift */,
				17D048CC2A362F21006BF06B /* MiniPlayerConstant.swift */,
				17D048CE2A363154006BF06B /* TabBarConstant.swift */,
			);
			name = Constant;
			path = Resources/Constant;
			sourceTree = "<group>";
		};
		17D048D02A363CA2006BF06B /* Authorization */ = {
			isa = PBXGroup;
			children = (
				17D048D12A363CCF006BF06B /* SingIn */,
				17D048D22A363CD7006BF06B /* SingUp */,
				17D048D32A363CF7006BF06B /* ForgotPassEmail */,
				17D048D42A363D06006BF06B /* ForgotPassConfirm */,
			);
			path = Authorization;
			sourceTree = "<group>";
		};
		17D048D12A363CCF006BF06B /* SingIn */ = {
			isa = PBXGroup;
			children = (
			);
			path = SingIn;
			sourceTree = "<group>";
		};
		17D048D22A363CD7006BF06B /* SingUp */ = {
			isa = PBXGroup;
			children = (
			);
			path = SingUp;
			sourceTree = "<group>";
		};
		17D048D32A363CF7006BF06B /* ForgotPassEmail */ = {
			isa = PBXGroup;
			children = (
			);
			path = ForgotPassEmail;
			sourceTree = "<group>";
		};
		17D048D42A363D06006BF06B /* ForgotPassConfirm */ = {
			isa = PBXGroup;
			children = (
			);
			path = ForgotPassConfirm;
			sourceTree = "<group>";
		};
		17D048D52A363D1E006BF06B /* Search */ = {
			isa = PBXGroup;
			children = (
			);
			path = Search;
			sourceTree = "<group>";
		};
		17D048D62A363D2A006BF06B /* Player */ = {
			isa = PBXGroup;
			children = (
				17D048D72A363D34006BF06B /* SongMain */,
				17D048D82A363D3B006BF06B /* SongShare */,
				17D048D92A363D45006BF06B /* Album */,
				17D048DA2A363D51006BF06B /* Playlist */,
				17D048DB2A363D67006BF06B /* MyCollection */,
			);
			path = Player;
			sourceTree = "<group>";
		};
		17D048D72A363D34006BF06B /* SongMain */ = {
			isa = PBXGroup;
			children = (
			);
			path = SongMain;
			sourceTree = "<group>";
		};
		17D048D82A363D3B006BF06B /* SongShare */ = {
			isa = PBXGroup;
			children = (
			);
			path = SongShare;
			sourceTree = "<group>";
		};
		17D048D92A363D45006BF06B /* Album */ = {
			isa = PBXGroup;
			children = (
			);
			path = Album;
			sourceTree = "<group>";
		};
		17D048DA2A363D51006BF06B /* Playlist */ = {
			isa = PBXGroup;
			children = (
			);
			path = Playlist;
			sourceTree = "<group>";
		};
		17D048DB2A363D67006BF06B /* MyCollection */ = {
			isa = PBXGroup;
			children = (
			);
			path = MyCollection;
			sourceTree = "<group>";
		};
		17D048DC2A363D81006BF06B /* Explore */ = {
			isa = PBXGroup;
			children = (
				17D048DD2A363D8B006BF06B /* ExploreMain */,
				17D048DE2A363D94006BF06B /* ExploreDetails */,
				17D048DF2A363DA0006BF06B /* ExploreTopics */,
			);
			path = Explore;
			sourceTree = "<group>";
		};
		17D048DD2A363D8B006BF06B /* ExploreMain */ = {
			isa = PBXGroup;
			children = (
			);
			path = ExploreMain;
			sourceTree = "<group>";
		};
		17D048DE2A363D94006BF06B /* ExploreDetails */ = {
			isa = PBXGroup;
			children = (
			);
			path = ExploreDetails;
			sourceTree = "<group>";
		};
		17D048DF2A363DA0006BF06B /* ExploreTopics */ = {
			isa = PBXGroup;
			children = (
			);
			path = ExploreTopics;
			sourceTree = "<group>";
		};
		17D048E02A363DB8006BF06B /* Miniplayer */ = {
			isa = PBXGroup;
			children = (
			);
			path = Miniplayer;
			sourceTree = "<group>";
		};
		17D048E12A363DC7006BF06B /* Account */ = {
			isa = PBXGroup;
			children = (
				17D048E22A363DCD006BF06B /* AccountMain */,
				17D048E32A363DD6006BF06B /* AccountEdit */,
				17D048E42A363DE2006BF06B /* Notification */,
			);
			path = Account;
			sourceTree = "<group>";
		};
		17D048E22A363DCD006BF06B /* AccountMain */ = {
			isa = PBXGroup;
			children = (
			);
			path = AccountMain;
			sourceTree = "<group>";
		};
		17D048E32A363DD6006BF06B /* AccountEdit */ = {
			isa = PBXGroup;
			children = (
			);
			path = AccountEdit;
			sourceTree = "<group>";
		};
		17D048E42A363DE2006BF06B /* Notification */ = {
			isa = PBXGroup;
			children = (
			);
			path = Notification;
			sourceTree = "<group>";
		};
		17F814D32A2F2BA300159C11 = {
			isa = PBXGroup;
			children = (
				17F814DE2A2F2BA300159C11 /* MyMusicApp */,
				17F814DD2A2F2BA300159C11 /* Products */,
			);
			sourceTree = "<group>";
		};
		17F814DD2A2F2BA300159C11 /* Products */ = {
			isa = PBXGroup;
			children = (
				17F814DC2A2F2BA300159C11 /* MyMusicApp.app */,
			);
			name = Products;
			sourceTree = "<group>";
		};
		17F814DE2A2F2BA300159C11 /* MyMusicApp */ = {
			isa = PBXGroup;
			children = (
				17F814F32A2F362400159C11 /* App */,
				17D048BF2A362C3C006BF06B /* Constant */,
				17F814F72A2F370400159C11 /* Model */,
				17F814F82A2F371800159C11 /* Screen */,
				17F814F62A2F36B500159C11 /* Resources */,
			);
			path = MyMusicApp;
			sourceTree = "<group>";
		};
		17F814F32A2F362400159C11 /* App */ = {
			isa = PBXGroup;
			children = (
				17F814DF2A2F2BA300159C11 /* AppDelegate.swift */,
				17F814E12A2F2BA300159C11 /* SceneDelegate.swift */,
			);
			path = App;
			sourceTree = "<group>";
		};
		17F814F62A2F36B500159C11 /* Resources */ = {
			isa = PBXGroup;
			children = (
				17F814E82A2F2BA600159C11 /* Assets.xcassets */,
				17F814ED2A2F2BA600159C11 /* Info.plist */,
				17F814EA2A2F2BA600159C11 /* LaunchScreen.storyboard */,
			);
			path = Resources;
			sourceTree = "<group>";
		};
		17F814F72A2F370400159C11 /* Model */ = {
			isa = PBXGroup;
			children = (
				17D048B52A334087006BF06B /* SongModel.swift */,
				17D048B72A33412F006BF06B /* AlbumModel.swift */,
				17D048B92A334190006BF06B /* EntityType.swift */,
				17D048BB2A3341BE006BF06B /* FetchState.swift */,
				17D048BD2A3341E7006BF06B /* APIError.swift */,
			);
			path = Model;
			sourceTree = "<group>";
		};
		17F814F82A2F371800159C11 /* Screen */ = {
			isa = PBXGroup;
			children = (
				17F814F92A2F373300159C11 /* Onboarding */,
				17D048D02A363CA2006BF06B /* Authorization */,
				17F814FB2A2F37DB00159C11 /* Home */,
				17D048D62A363D2A006BF06B /* Player */,
				17D048D52A363D1E006BF06B /* Search */,
				17D048DC2A363D81006BF06B /* Explore */,
				17D048E12A363DC7006BF06B /* Account */,
				17D048E02A363DB8006BF06B /* Miniplayer */,
			);
			path = Screen;
			sourceTree = "<group>";
		};
		17F814F92A2F373300159C11 /* Onboarding */ = {
			isa = PBXGroup;
			children = (
				175101E82A3756E900FAAE3B /* OnboardingPageView.swift */,
				1753DC622A308E7900FC9808 /* FirstScreenViewController.swift */,
				175101EA2A37606D00FAAE3B /* SecondScreenViewController.swift */,
				175101EC2A3764C000FAAE3B /* ThirdScreenViewController.swift */,
				175101EE2A376C5B00FAAE3B /* FourthScreenViewController.swift */,
				1726801C2A30B0D7008350E5 /* CustomLabel.swift */,
			);
			path = Onboarding;
			sourceTree = "<group>";
		};
		17F814FB2A2F37DB00159C11 /* Home */ = {
			isa = PBXGroup;
			children = (
			);
			path = Home;
			sourceTree = "<group>";
		};
/* End PBXGroup section */

/* Begin PBXNativeTarget section */
		17F814DB2A2F2BA300159C11 /* MyMusicApp */ = {
			isa = PBXNativeTarget;
			buildConfigurationList = 17F814F02A2F2BA600159C11 /* Build configuration list for PBXNativeTarget "MyMusicApp" */;
			buildPhases = (
				17F814D82A2F2BA300159C11 /* Sources */,
				17F814D92A2F2BA300159C11 /* Frameworks */,
				17F814DA2A2F2BA300159C11 /* Resources */,
			);
			buildRules = (
			);
			dependencies = (
			);
			name = MyMusicApp;
			packageProductDependencies = (
				17F815142A2F456600159C11 /* Realm */,
				17F815162A2F456600159C11 /* RealmSwift */,
				17F815192A2F47F000159C11 /* FirebaseAuth */,
				17F8151B2A2F47F000159C11 /* FirebaseFirestore */,
				17F8151E2A2F484E00159C11 /* Kingfisher */,
				1753DC602A3079EA00FC9808 /* SnapKit */,
			);
			productName = MyMusicApp;
			productReference = 17F814DC2A2F2BA300159C11 /* MyMusicApp.app */;
			productType = "com.apple.product-type.application";
		};
/* End PBXNativeTarget section */

/* Begin PBXProject section */
		17F814D42A2F2BA300159C11 /* Project object */ = {
			isa = PBXProject;
			attributes = {
				BuildIndependentTargetsInParallel = 1;
				LastSwiftUpdateCheck = 1400;
				LastUpgradeCheck = 1400;
				TargetAttributes = {
					17F814DB2A2F2BA300159C11 = {
						CreatedOnToolsVersion = 14.0.1;
					};
				};
			};
			buildConfigurationList = 17F814D72A2F2BA300159C11 /* Build configuration list for PBXProject "MyMusicApp" */;
			compatibilityVersion = "Xcode 14.0";
			developmentRegion = en;
			hasScannedForEncodings = 0;
			knownRegions = (
				en,
				Base,
			);
			mainGroup = 17F814D32A2F2BA300159C11;
			packageReferences = (
				17F815132A2F456600159C11 /* XCRemoteSwiftPackageReference "realm-swift" */,
				17F815182A2F47F000159C11 /* XCRemoteSwiftPackageReference "firebase-ios-sdk" */,
				17F8151D2A2F484E00159C11 /* XCRemoteSwiftPackageReference "Kingfisher" */,
				1753DC5F2A3079EA00FC9808 /* XCRemoteSwiftPackageReference "SnapKit" */,
			);
			productRefGroup = 17F814DD2A2F2BA300159C11 /* Products */;
			projectDirPath = "";
			projectRoot = "";
			targets = (
				17F814DB2A2F2BA300159C11 /* MyMusicApp */,
			);
		};
/* End PBXProject section */

/* Begin PBXResourcesBuildPhase section */
		17F814DA2A2F2BA300159C11 /* Resources */ = {
			isa = PBXResourcesBuildPhase;
			buildActionMask = 2147483647;
			files = (
				17F814EC2A2F2BA600159C11 /* LaunchScreen.storyboard in Resources */,
				17F814E92A2F2BA600159C11 /* Assets.xcassets in Resources */,
			);
			runOnlyForDeploymentPostprocessing = 0;
		};
/* End PBXResourcesBuildPhase section */

/* Begin PBXSourcesBuildPhase section */
		17F814D82A2F2BA300159C11 /* Sources */ = {
			isa = PBXSourcesBuildPhase;
			buildActionMask = 2147483647;
			files = (
				17D048B62A334087006BF06B /* SongModel.swift in Sources */,
				1753DC632A308E7900FC9808 /* FirstScreenViewController.swift in Sources */,
				17D048BA2A334190006BF06B /* EntityType.swift in Sources */,
				17D048C32A362CBD006BF06B /* AuthorizationConstant.swift in Sources */,
				17D048CD2A362F21006BF06B /* MiniPlayerConstant.swift in Sources */,
				17D048BE2A3341E7006BF06B /* APIError.swift in Sources */,
				17D048CB2A362DE3006BF06B /* AccountConstant.swift in Sources */,
				17F814E02A2F2BA300159C11 /* AppDelegate.swift in Sources */,
				175101ED2A3764C000FAAE3B /* ThirdScreenViewController.swift in Sources */,
				17D048C52A362CF3006BF06B /* HomeConstant.swift in Sources */,
				17D048CF2A363154006BF06B /* TabBarConstant.swift in Sources */,
				175101E92A3756E900FAAE3B /* OnboardingPageView.swift in Sources */,
				17F814E22A2F2BA300159C11 /* SceneDelegate.swift in Sources */,
				1726801D2A30B0D7008350E5 /* CustomLabel.swift in Sources */,
				17D048C92A362D93006BF06B /* SongConstant.swift in Sources */,
				17D048B82A33412F006BF06B /* AlbumModel.swift in Sources */,
				17F815212A2F901300159C11 /* СommonConstant.swift in Sources */,
				17D048C12A362C93006BF06B /* OnboardingConstant.swift in Sources */,
				175101EB2A37606D00FAAE3B /* SecondScreenViewController.swift in Sources */,
				17D048BC2A3341BE006BF06B /* FetchState.swift in Sources */,
				175101EF2A376C5C00FAAE3B /* FourthScreenViewController.swift in Sources */,
				17D048C72A362D5B006BF06B /* SearchConstant.swift in Sources */,
			);
			runOnlyForDeploymentPostprocessing = 0;
		};
/* End PBXSourcesBuildPhase section */

/* Begin PBXVariantGroup section */
		17F814EA2A2F2BA600159C11 /* LaunchScreen.storyboard */ = {
			isa = PBXVariantGroup;
			children = (
				17F814EB2A2F2BA600159C11 /* Base */,
			);
			name = LaunchScreen.storyboard;
			sourceTree = "<group>";
		};
/* End PBXVariantGroup section */

/* Begin XCBuildConfiguration section */
		17F814EE2A2F2BA600159C11 /* Debug */ = {
			isa = XCBuildConfiguration;
			buildSettings = {
				ALWAYS_SEARCH_USER_PATHS = NO;
				CLANG_ANALYZER_NONNULL = YES;
				CLANG_ANALYZER_NUMBER_OBJECT_CONVERSION = YES_AGGRESSIVE;
				CLANG_CXX_LANGUAGE_STANDARD = "gnu++20";
				CLANG_ENABLE_MODULES = YES;
				CLANG_ENABLE_OBJC_ARC = YES;
				CLANG_ENABLE_OBJC_WEAK = YES;
				CLANG_WARN_BLOCK_CAPTURE_AUTORELEASING = YES;
				CLANG_WARN_BOOL_CONVERSION = YES;
				CLANG_WARN_COMMA = YES;
				CLANG_WARN_CONSTANT_CONVERSION = YES;
				CLANG_WARN_DEPRECATED_OBJC_IMPLEMENTATIONS = YES;
				CLANG_WARN_DIRECT_OBJC_ISA_USAGE = YES_ERROR;
				CLANG_WARN_DOCUMENTATION_COMMENTS = YES;
				CLANG_WARN_EMPTY_BODY = YES;
				CLANG_WARN_ENUM_CONVERSION = YES;
				CLANG_WARN_INFINITE_RECURSION = YES;
				CLANG_WARN_INT_CONVERSION = YES;
				CLANG_WARN_NON_LITERAL_NULL_CONVERSION = YES;
				CLANG_WARN_OBJC_IMPLICIT_RETAIN_SELF = YES;
				CLANG_WARN_OBJC_LITERAL_CONVERSION = YES;
				CLANG_WARN_OBJC_ROOT_CLASS = YES_ERROR;
				CLANG_WARN_QUOTED_INCLUDE_IN_FRAMEWORK_HEADER = YES;
				CLANG_WARN_RANGE_LOOP_ANALYSIS = YES;
				CLANG_WARN_STRICT_PROTOTYPES = YES;
				CLANG_WARN_SUSPICIOUS_MOVE = YES;
				CLANG_WARN_UNGUARDED_AVAILABILITY = YES_AGGRESSIVE;
				CLANG_WARN_UNREACHABLE_CODE = YES;
				CLANG_WARN__DUPLICATE_METHOD_MATCH = YES;
				COPY_PHASE_STRIP = NO;
				DEBUG_INFORMATION_FORMAT = dwarf;
				ENABLE_STRICT_OBJC_MSGSEND = YES;
				ENABLE_TESTABILITY = YES;
				GCC_C_LANGUAGE_STANDARD = gnu11;
				GCC_DYNAMIC_NO_PIC = NO;
				GCC_NO_COMMON_BLOCKS = YES;
				GCC_OPTIMIZATION_LEVEL = 0;
				GCC_PREPROCESSOR_DEFINITIONS = (
					"DEBUG=1",
					"$(inherited)",
				);
				GCC_WARN_64_TO_32_BIT_CONVERSION = YES;
				GCC_WARN_ABOUT_RETURN_TYPE = YES_ERROR;
				GCC_WARN_UNDECLARED_SELECTOR = YES;
				GCC_WARN_UNINITIALIZED_AUTOS = YES_AGGRESSIVE;
				GCC_WARN_UNUSED_FUNCTION = YES;
				GCC_WARN_UNUSED_VARIABLE = YES;
				IPHONEOS_DEPLOYMENT_TARGET = 16.0;
				MTL_ENABLE_DEBUG_INFO = INCLUDE_SOURCE;
				MTL_FAST_MATH = YES;
				ONLY_ACTIVE_ARCH = YES;
				SDKROOT = iphoneos;
				SWIFT_ACTIVE_COMPILATION_CONDITIONS = DEBUG;
				SWIFT_OPTIMIZATION_LEVEL = "-Onone";
			};
			name = Debug;
		};
		17F814EF2A2F2BA600159C11 /* Release */ = {
			isa = XCBuildConfiguration;
			buildSettings = {
				ALWAYS_SEARCH_USER_PATHS = NO;
				CLANG_ANALYZER_NONNULL = YES;
				CLANG_ANALYZER_NUMBER_OBJECT_CONVERSION = YES_AGGRESSIVE;
				CLANG_CXX_LANGUAGE_STANDARD = "gnu++20";
				CLANG_ENABLE_MODULES = YES;
				CLANG_ENABLE_OBJC_ARC = YES;
				CLANG_ENABLE_OBJC_WEAK = YES;
				CLANG_WARN_BLOCK_CAPTURE_AUTORELEASING = YES;
				CLANG_WARN_BOOL_CONVERSION = YES;
				CLANG_WARN_COMMA = YES;
				CLANG_WARN_CONSTANT_CONVERSION = YES;
				CLANG_WARN_DEPRECATED_OBJC_IMPLEMENTATIONS = YES;
				CLANG_WARN_DIRECT_OBJC_ISA_USAGE = YES_ERROR;
				CLANG_WARN_DOCUMENTATION_COMMENTS = YES;
				CLANG_WARN_EMPTY_BODY = YES;
				CLANG_WARN_ENUM_CONVERSION = YES;
				CLANG_WARN_INFINITE_RECURSION = YES;
				CLANG_WARN_INT_CONVERSION = YES;
				CLANG_WARN_NON_LITERAL_NULL_CONVERSION = YES;
				CLANG_WARN_OBJC_IMPLICIT_RETAIN_SELF = YES;
				CLANG_WARN_OBJC_LITERAL_CONVERSION = YES;
				CLANG_WARN_OBJC_ROOT_CLASS = YES_ERROR;
				CLANG_WARN_QUOTED_INCLUDE_IN_FRAMEWORK_HEADER = YES;
				CLANG_WARN_RANGE_LOOP_ANALYSIS = YES;
				CLANG_WARN_STRICT_PROTOTYPES = YES;
				CLANG_WARN_SUSPICIOUS_MOVE = YES;
				CLANG_WARN_UNGUARDED_AVAILABILITY = YES_AGGRESSIVE;
				CLANG_WARN_UNREACHABLE_CODE = YES;
				CLANG_WARN__DUPLICATE_METHOD_MATCH = YES;
				COPY_PHASE_STRIP = NO;
				DEBUG_INFORMATION_FORMAT = "dwarf-with-dsym";
				ENABLE_NS_ASSERTIONS = NO;
				ENABLE_STRICT_OBJC_MSGSEND = YES;
				GCC_C_LANGUAGE_STANDARD = gnu11;
				GCC_NO_COMMON_BLOCKS = YES;
				GCC_WARN_64_TO_32_BIT_CONVERSION = YES;
				GCC_WARN_ABOUT_RETURN_TYPE = YES_ERROR;
				GCC_WARN_UNDECLARED_SELECTOR = YES;
				GCC_WARN_UNINITIALIZED_AUTOS = YES_AGGRESSIVE;
				GCC_WARN_UNUSED_FUNCTION = YES;
				GCC_WARN_UNUSED_VARIABLE = YES;
				IPHONEOS_DEPLOYMENT_TARGET = 16.0;
				MTL_ENABLE_DEBUG_INFO = NO;
				MTL_FAST_MATH = YES;
				SDKROOT = iphoneos;
				SWIFT_COMPILATION_MODE = wholemodule;
				SWIFT_OPTIMIZATION_LEVEL = "-O";
				VALIDATE_PRODUCT = YES;
			};
			name = Release;
		};
		17F814F12A2F2BA600159C11 /* Debug */ = {
			isa = XCBuildConfiguration;
			buildSettings = {
				ASSETCATALOG_COMPILER_APPICON_NAME = AppIcon;
				ASSETCATALOG_COMPILER_GLOBAL_ACCENT_COLOR_NAME = AccentColor;
				CODE_SIGN_STYLE = Automatic;
				CURRENT_PROJECT_VERSION = 1;
				DEVELOPMENT_TEAM = 8J2VS5TP5S;
				GENERATE_INFOPLIST_FILE = YES;
				INFOPLIST_FILE = MyMusicApp/Resources/Info.plist;
				INFOPLIST_KEY_UIApplicationSupportsIndirectInputEvents = YES;
				INFOPLIST_KEY_UILaunchStoryboardName = LaunchScreen;
				INFOPLIST_KEY_UISupportedInterfaceOrientations = UIInterfaceOrientationPortrait;
				INFOPLIST_KEY_UISupportedInterfaceOrientations_iPad = "UIInterfaceOrientationLandscapeLeft UIInterfaceOrientationLandscapeRight UIInterfaceOrientationPortrait UIInterfaceOrientationPortraitUpsideDown";
				IPHONEOS_DEPLOYMENT_TARGET = 15.0;
				LD_RUNPATH_SEARCH_PATHS = (
					"$(inherited)",
					"@executable_path/Frameworks",
				);
				MARKETING_VERSION = 1.0;
				PRODUCT_BUNDLE_IDENTIFIER = com.DApp.MyMusicApp;
				PRODUCT_NAME = "$(TARGET_NAME)";
				SUPPORTED_PLATFORMS = "iphoneos iphonesimulator";
				SUPPORTS_MACCATALYST = NO;
				SUPPORTS_MAC_DESIGNED_FOR_IPHONE_IPAD = NO;
				SWIFT_EMIT_LOC_STRINGS = YES;
				SWIFT_VERSION = 5.0;
				TARGETED_DEVICE_FAMILY = 1;
			};
			name = Debug;
		};
		17F814F22A2F2BA600159C11 /* Release */ = {
			isa = XCBuildConfiguration;
			buildSettings = {
				ASSETCATALOG_COMPILER_APPICON_NAME = AppIcon;
				ASSETCATALOG_COMPILER_GLOBAL_ACCENT_COLOR_NAME = AccentColor;
				CODE_SIGN_STYLE = Automatic;
				CURRENT_PROJECT_VERSION = 1;
				DEVELOPMENT_TEAM = 8J2VS5TP5S;
				GENERATE_INFOPLIST_FILE = YES;
				INFOPLIST_FILE = MyMusicApp/Resources/Info.plist;
				INFOPLIST_KEY_UIApplicationSupportsIndirectInputEvents = YES;
				INFOPLIST_KEY_UILaunchStoryboardName = LaunchScreen;
				INFOPLIST_KEY_UISupportedInterfaceOrientations = UIInterfaceOrientationPortrait;
				INFOPLIST_KEY_UISupportedInterfaceOrientations_iPad = "UIInterfaceOrientationLandscapeLeft UIInterfaceOrientationLandscapeRight UIInterfaceOrientationPortrait UIInterfaceOrientationPortraitUpsideDown";
				IPHONEOS_DEPLOYMENT_TARGET = 15.0;
				LD_RUNPATH_SEARCH_PATHS = (
					"$(inherited)",
					"@executable_path/Frameworks",
				);
				MARKETING_VERSION = 1.0;
				PRODUCT_BUNDLE_IDENTIFIER = com.DApp.MyMusicApp;
				PRODUCT_NAME = "$(TARGET_NAME)";
				SUPPORTED_PLATFORMS = "iphoneos iphonesimulator";
				SUPPORTS_MACCATALYST = NO;
				SUPPORTS_MAC_DESIGNED_FOR_IPHONE_IPAD = NO;
				SWIFT_EMIT_LOC_STRINGS = YES;
				SWIFT_VERSION = 5.0;
				TARGETED_DEVICE_FAMILY = 1;
			};
			name = Release;
		};
/* End XCBuildConfiguration section */

/* Begin XCConfigurationList section */
		17F814D72A2F2BA300159C11 /* Build configuration list for PBXProject "MyMusicApp" */ = {
			isa = XCConfigurationList;
			buildConfigurations = (
				17F814EE2A2F2BA600159C11 /* Debug */,
				17F814EF2A2F2BA600159C11 /* Release */,
			);
			defaultConfigurationIsVisible = 0;
			defaultConfigurationName = Release;
		};
		17F814F02A2F2BA600159C11 /* Build configuration list for PBXNativeTarget "MyMusicApp" */ = {
			isa = XCConfigurationList;
			buildConfigurations = (
				17F814F12A2F2BA600159C11 /* Debug */,
				17F814F22A2F2BA600159C11 /* Release */,
			);
			defaultConfigurationIsVisible = 0;
			defaultConfigurationName = Release;
		};
/* End XCConfigurationList section */

/* Begin XCRemoteSwiftPackageReference section */
		1753DC5F2A3079EA00FC9808 /* XCRemoteSwiftPackageReference "SnapKit" */ = {
			isa = XCRemoteSwiftPackageReference;
			repositoryURL = "https://github.com/SnapKit/SnapKit.git";
			requirement = {
				kind = upToNextMajorVersion;
				minimumVersion = 5.6.0;
			};
		};
		17F815132A2F456600159C11 /* XCRemoteSwiftPackageReference "realm-swift" */ = {
			isa = XCRemoteSwiftPackageReference;
			repositoryURL = "https://github.com/realm/realm-swift.git";
			requirement = {
				kind = upToNextMajorVersion;
				minimumVersion = 10.40.0;
			};
		};
		17F815182A2F47F000159C11 /* XCRemoteSwiftPackageReference "firebase-ios-sdk" */ = {
			isa = XCRemoteSwiftPackageReference;
			repositoryURL = "https://github.com/firebase/firebase-ios-sdk.git";
			requirement = {
				kind = upToNextMajorVersion;
				minimumVersion = 10.0.0;
			};
		};
		17F8151D2A2F484E00159C11 /* XCRemoteSwiftPackageReference "Kingfisher" */ = {
			isa = XCRemoteSwiftPackageReference;
			repositoryURL = "https://github.com/onevcat/Kingfisher.git";
			requirement = {
				kind = upToNextMajorVersion;
				minimumVersion = 7.0.0;
			};
		};
/* End XCRemoteSwiftPackageReference section */

/* Begin XCSwiftPackageProductDependency section */
		1753DC602A3079EA00FC9808 /* SnapKit */ = {
			isa = XCSwiftPackageProductDependency;
			package = 1753DC5F2A3079EA00FC9808 /* XCRemoteSwiftPackageReference "SnapKit" */;
			productName = SnapKit;
		};
		17F815142A2F456600159C11 /* Realm */ = {
			isa = XCSwiftPackageProductDependency;
			package = 17F815132A2F456600159C11 /* XCRemoteSwiftPackageReference "realm-swift" */;
			productName = Realm;
		};
		17F815162A2F456600159C11 /* RealmSwift */ = {
			isa = XCSwiftPackageProductDependency;
			package = 17F815132A2F456600159C11 /* XCRemoteSwiftPackageReference "realm-swift" */;
			productName = RealmSwift;
		};
		17F815192A2F47F000159C11 /* FirebaseAuth */ = {
			isa = XCSwiftPackageProductDependency;
			package = 17F815182A2F47F000159C11 /* XCRemoteSwiftPackageReference "firebase-ios-sdk" */;
			productName = FirebaseAuth;
		};
		17F8151B2A2F47F000159C11 /* FirebaseFirestore */ = {
			isa = XCSwiftPackageProductDependency;
			package = 17F815182A2F47F000159C11 /* XCRemoteSwiftPackageReference "firebase-ios-sdk" */;
			productName = FirebaseFirestore;
		};
		17F8151E2A2F484E00159C11 /* Kingfisher */ = {
			isa = XCSwiftPackageProductDependency;
			package = 17F8151D2A2F484E00159C11 /* XCRemoteSwiftPackageReference "Kingfisher" */;
			productName = Kingfisher;
		};
/* End XCSwiftPackageProductDependency section */
	};
	rootObject = 17F814D42A2F2BA300159C11 /* Project object */;
}
